{
  "name": "python-agent",
  "lockfileVersion": 3,
  "requires": true,
  "packages": {
    "": {
      "dependencies": {
        "eventsource-parser": "^4.1.1"
      }
    },
    "node_modules/eventsource-parser": {
      "version": "4.1.1",
      "resolved": "https://registry.npmjs.org/eventsource-parser/-/eventsource-parser-4.1.1.tgz",
      "integrity": "sha512-zaWNqeSLeyzEAAt2Q6aDBRDRk/VnPmsKqvToyGvv6aahvLv71A4Jw7jG93Hckf11zXurbqgsffvpSgKPoeU1Qw==",
      "license": "MIT",
      "engines": {
        "node": ">=22.12"
      }
    }
  }
}
